
Microsoft Visual Studio Solution File, Format Version 12.00
# Visual Studio Version 16
VisualStudioVersion = 16.0.30114.105
MinimumVisualStudioVersion = 10.0.40219.1
Project("{2150E333-8FDC-42A3-9474-1A3956D46DE8}") = "src", "src", "{20AD7C82-28E4-4E27-AC77-D368CBD55578}"
EndProject
Project("{FAE04EC0-301F-11D3-BF4B-00C04F79EFBC}") = "PipeDream.Core", "src\Core\PipeDream.Core.csproj", "{2F46397C-9BBC-4C3B-B55D-06D97633D3B1}"
EndProject
Project("{2150E333-8FDC-42A3-9474-1A3956D46DE8}") = "tools", "tools", "{06C0A4D4-FF63-42BE-9D52-72CB0B583487}"
EndProject
Project("{FAE04EC0-301F-11D3-BF4B-00C04F79EFBC}") = "PipeDream.Compiler.Frontend", "tools\Compiler\PipeDream.Compiler.Frontend.csproj", "{2581D736-D72D-4ECC-9D5A-EABC057840CF}"
EndProject
Global
	GlobalSection(SolutionConfigurationPlatforms) = preSolution
		Debug|Any CPU = Debug|Any CPU
		Release|Any CPU = Release|Any CPU
	EndGlobalSection
	GlobalSection(SolutionProperties) = preSolution
		HideSolutionNode = FALSE
	EndGlobalSection
	GlobalSection(ProjectConfigurationPlatforms) = postSolution
		{2F46397C-9BBC-4C3B-B55D-06D97633D3B1}.Debug|Any CPU.ActiveCfg = Debug|Any CPU
		{2F46397C-9BBC-4C3B-B55D-06D97633D3B1}.Debug|Any CPU.Build.0 = Debug|Any CPU
		{2F46397C-9BBC-4C3B-B55D-06D97633D3B1}.Release|Any CPU.ActiveCfg = Release|Any CPU
		{2F46397C-9BBC-4C3B-B55D-06D97633D3B1}.Release|Any CPU.Build.0 = Release|Any CPU
		{2581D736-D72D-4ECC-9D5A-EABC057840CF}.Debug|Any CPU.ActiveCfg = Debug|Any CPU
		{2581D736-D72D-4ECC-9D5A-EABC057840CF}.Debug|Any CPU.Build.0 = Debug|Any CPU
		{2581D736-D72D-4ECC-9D5A-EABC057840CF}.Release|Any CPU.ActiveCfg = Release|Any CPU
		{2581D736-D72D-4ECC-9D5A-EABC057840CF}.Release|Any CPU.Build.0 = Release|Any CPU
	EndGlobalSection
	GlobalSection(NestedProjects) = preSolution
		{2F46397C-9BBC-4C3B-B55D-06D97633D3B1} = {20AD7C82-28E4-4E27-AC77-D368CBD55578}
		{2581D736-D72D-4ECC-9D5A-EABC057840CF} = {06C0A4D4-FF63-42BE-9D52-72CB0B583487}
	EndGlobalSection
EndGlobal
